
Microsoft Visual Studio Solution File, Format Version 12.00
# Visual Studio Version 17
VisualStudioVersion = 17.4.33122.133
MinimumVisualStudioVersion = 10.0.40219.1
Project("{8BC9CEB8-8B4A-11D0-8D11-00A0C91BC942}") = "CircularLinkedList", "CircularLinkedList\CircularLinkedList.vcxproj", "{F982AB0F-2797-42DD-B58A-29E4F8558C6E}"
EndProject
Global
	GlobalSection(SolutionConfigurationPlatforms) = preSolution
		Debug|x64 = Debug|x64
		Debug|x86 = Debug|x86
		Release|x64 = Release|x64
		Release|x86 = Release|x86
	EndGlobalSection
	GlobalSection(ProjectConfigurationPlatforms) = postSolution
		{F982AB0F-2797-42DD-B58A-29E4F8558C6E}.Debug|x64.ActiveCfg = Debug|x64
		{F982AB0F-2797-42DD-B58A-29E4F8558C6E}.Debug|x64.Build.0 = Debug|x64
		{F982AB0F-2797-42DD-B58A-29E4F8558C6E}.Debug|x86.ActiveCfg = Debug|Win32
		{F982AB0F-2797-42DD-B58A-29E4F8558C6E}.Debug|x86.Build.0 = Debug|Win32
		{F982AB0F-2797-42DD-B58A-29E4F8558C6E}.Release|x64.ActiveCfg = Release|x64
		{F982AB0F-2797-42DD-B58A-29E4F8558C6E}.Release|x64.Build.0 = Release|x64
		{F982AB0F-2797-42DD-B58A-29E4F8558C6E}.Release|x86.ActiveCfg = Release|Win32
		{F982AB0F-2797-42DD-B58A-29E4F8558C6E}.Release|x86.Build.0 = Release|Win32
	EndGlobalSection
	GlobalSection(SolutionProperties) = preSolution
		HideSolutionNode = FALSE
	EndGlobalSection
	GlobalSection(ExtensibilityGlobals) = postSolution
		SolutionGuid = {E928AEE1-13A7-4073-898E-AD5BCD08CB46}
	EndGlobalSection
EndGlobal
